// !$*UTF8*$!
{
	archiveVersion = 1;
	classes = {
	};
	objectVersion = 55;
	objects = {

/* Begin PBXBuildFile section */
		1413AAD3287BF28100373D1B /* WeightLossViewController.m in Sources */ = {isa = PBXBuildFile; fileRef = 1413AAD2287BF28100373D1B /* WeightLossViewController.m */; };
		14188C792878AF7900F72209 /* LoginViewController.m in Sources */ = {isa = PBXBuildFile; fileRef = 14188C782878AF7900F72209 /* LoginViewController.m */; };
		14188C7C2878B0D800F72209 /* SignupViewController.m in Sources */ = {isa = PBXBuildFile; fileRef = 14188C7B2878B0D800F72209 /* SignupViewController.m */; };
		14188C822878EF8400F72209 /* WorkoutsViewController.m in Sources */ = {isa = PBXBuildFile; fileRef = 14188C812878EF8400F72209 /* WorkoutsViewController.m */; };
		14314D7F287C9E3200467223 /* PostPreviewViewController.m in Sources */ = {isa = PBXBuildFile; fileRef = 14314D7E287C9E3200467223 /* PostPreviewViewController.m */; };
		14314D82287CDF5A00467223 /* Post.m in Sources */ = {isa = PBXBuildFile; fileRef = 14314D81287CDF5A00467223 /* Post.m */; };
		14F2CD8D28779C000046372F /* AppDelegate.m in Sources */ = {isa = PBXBuildFile; fileRef = 14F2CD8C28779C000046372F /* AppDelegate.m */; };
		14F2CD9028779C000046372F /* SceneDelegate.m in Sources */ = {isa = PBXBuildFile; fileRef = 14F2CD8F28779C000046372F /* SceneDelegate.m */; };
		14F2CD9628779C000046372F /* Main.storyboard in Resources */ = {isa = PBXBuildFile; fileRef = 14F2CD9428779C000046372F /* Main.storyboard */; };
		14F2CD9828779C010046372F /* Assets.xcassets in Resources */ = {isa = PBXBuildFile; fileRef = 14F2CD9728779C010046372F /* Assets.xcassets */; };
		14F2CD9B28779C010046372F /* LaunchScreen.storyboard in Resources */ = {isa = PBXBuildFile; fileRef = 14F2CD9928779C010046372F /* LaunchScreen.storyboard */; };
		14F2CD9E28779C010046372F /* main.m in Sources */ = {isa = PBXBuildFile; fileRef = 14F2CD9D28779C010046372F /* main.m */; };
		14F2CDA828779C010046372F /* Capstone_ProjectTests.m in Sources */ = {isa = PBXBuildFile; fileRef = 14F2CDA728779C010046372F /* Capstone_ProjectTests.m */; };
		14F2CDB228779C010046372F /* Capstone_ProjectUITests.m in Sources */ = {isa = PBXBuildFile; fileRef = 14F2CDB128779C010046372F /* Capstone_ProjectUITests.m */; };
		14F2CDB428779C010046372F /* Capstone_ProjectUITestsLaunchTests.m in Sources */ = {isa = PBXBuildFile; fileRef = 14F2CDB328779C010046372F /* Capstone_ProjectUITestsLaunchTests.m */; };
		A86A486AA3301812A1E60C8E /* Pods_Capstone_ProjectTests.framework in Frameworks */ = {isa = PBXBuildFile; fileRef = 18CDE43420325BCEE28A9BDD /* Pods_Capstone_ProjectTests.framework */; };
		E3A23BBF59202D5F95AD5E7A /* Pods_Capstone_Project.framework in Frameworks */ = {isa = PBXBuildFile; fileRef = 16799C0AA54AFEC10FEB1803 /* Pods_Capstone_Project.framework */; };
		E4F0CA9935D7BBA090A9FA7F /* Pods_Capstone_Project_Capstone_ProjectUITests.framework in Frameworks */ = {isa = PBXBuildFile; fileRef = DB2AC4A5AE44837015CBFA03 /* Pods_Capstone_Project_Capstone_ProjectUITests.framework */; };
/* End PBXBuildFile section */

/* Begin PBXContainerItemProxy section */
		14F2CDA428779C010046372F /* PBXContainerItemProxy */ = {
			isa = PBXContainerItemProxy;
			containerPortal = 14F2CD8028779C000046372F /* Project object */;
			proxyType = 1;
			remoteGlobalIDString = 14F2CD8728779C000046372F;
			remoteInfo = "Capstone Project";
		};
		14F2CDAE28779C010046372F /* PBXContainerItemProxy */ = {
			isa = PBXContainerItemProxy;
			containerPortal = 14F2CD8028779C000046372F /* Project object */;
			proxyType = 1;
			remoteGlobalIDString = 14F2CD8728779C000046372F;
			remoteInfo = "Capstone Project";
		};
/* End PBXContainerItemProxy section */

/* Begin PBXFileReference section */
		0D1BB2FFC15DFA3E9B29C726 /* Pods-Capstone Project.release.xcconfig */ = {isa = PBXFileReference; includeInIndex = 1; lastKnownFileType = text.xcconfig; name = "Pods-Capstone Project.release.xcconfig"; path = "Target Support Files/Pods-Capstone Project/Pods-Capstone Project.release.xcconfig"; sourceTree = "<group>"; };
		1413AAD1287BF28100373D1B /* WeightLossViewController.h */ = {isa = PBXFileReference; lastKnownFileType = sourcecode.c.h; path = WeightLossViewController.h; sourceTree = "<group>"; };
		1413AAD2287BF28100373D1B /* WeightLossViewController.m */ = {isa = PBXFileReference; lastKnownFileType = sourcecode.c.objc; path = WeightLossViewController.m; sourceTree = "<group>"; };
		14188C772878AF7900F72209 /* LoginViewController.h */ = {isa = PBXFileReference; lastKnownFileType = sourcecode.c.h; path = LoginViewController.h; sourceTree = "<group>"; };
		14188C782878AF7900F72209 /* LoginViewController.m */ = {isa = PBXFileReference; lastKnownFileType = sourcecode.c.objc; path = LoginViewController.m; sourceTree = "<group>"; };
		14188C7A2878B0D800F72209 /* SignupViewController.h */ = {isa = PBXFileReference; lastKnownFileType = sourcecode.c.h; name = SignupViewController.h; path = ../SignupViewController.h; sourceTree = "<group>"; };
		14188C7B2878B0D800F72209 /* SignupViewController.m */ = {isa = PBXFileReference; lastKnownFileType = sourcecode.c.objc; name = SignupViewController.m; path = ../SignupViewController.m; sourceTree = "<group>"; };
		14188C802878EF8400F72209 /* WorkoutsViewController.h */ = {isa = PBXFileReference; lastKnownFileType = sourcecode.c.h; path = WorkoutsViewController.h; sourceTree = "<group>"; };
		14188C812878EF8400F72209 /* WorkoutsViewController.m */ = {isa = PBXFileReference; lastKnownFileType = sourcecode.c.objc; path = WorkoutsViewController.m; sourceTree = "<group>"; };
		14314D7D287C9E3200467223 /* PostPreviewViewController.h */ = {isa = PBXFileReference; lastKnownFileType = sourcecode.c.h; path = PostPreviewViewController.h; sourceTree = "<group>"; };
		14314D7E287C9E3200467223 /* PostPreviewViewController.m */ = {isa = PBXFileReference; lastKnownFileType = sourcecode.c.objc; path = PostPreviewViewController.m; sourceTree = "<group>"; };
		14314D80287CDF5A00467223 /* Post.h */ = {isa = PBXFileReference; lastKnownFileType = sourcecode.c.h; path = Post.h; sourceTree = "<group>"; };
		14314D81287CDF5A00467223 /* Post.m */ = {isa = PBXFileReference; lastKnownFileType = sourcecode.c.objc; path = Post.m; sourceTree = "<group>"; };
		14F2CD8828779C000046372F /* Capstone Project.app */ = {isa = PBXFileReference; explicitFileType = wrapper.application; includeInIndex = 0; path = "Capstone Project.app"; sourceTree = BUILT_PRODUCTS_DIR; };
		14F2CD8B28779C000046372F /* AppDelegate.h */ = {isa = PBXFileReference; lastKnownFileType = sourcecode.c.h; path = AppDelegate.h; sourceTree = "<group>"; };
		14F2CD8C28779C000046372F /* AppDelegate.m */ = {isa = PBXFileReference; lastKnownFileType = sourcecode.c.objc; path = AppDelegate.m; sourceTree = "<group>"; };
		14F2CD8E28779C000046372F /* SceneDelegate.h */ = {isa = PBXFileReference; lastKnownFileType = sourcecode.c.h; path = SceneDelegate.h; sourceTree = "<group>"; };
		14F2CD8F28779C000046372F /* SceneDelegate.m */ = {isa = PBXFileReference; lastKnownFileType = sourcecode.c.objc; path = SceneDelegate.m; sourceTree = "<group>"; };
		14F2CD9528779C000046372F /* Base */ = {isa = PBXFileReference; lastKnownFileType = file.storyboard; name = Base; path = Base.lproj/Main.storyboard; sourceTree = "<group>"; };
		14F2CD9728779C010046372F /* Assets.xcassets */ = {isa = PBXFileReference; lastKnownFileType = folder.assetcatalog; path = Assets.xcassets; sourceTree = "<group>"; };
		14F2CD9A28779C010046372F /* Base */ = {isa = PBXFileReference; lastKnownFileType = file.storyboard; name = Base; path = Base.lproj/LaunchScreen.storyboard; sourceTree = "<group>"; };
		14F2CD9C28779C010046372F /* Info.plist */ = {isa = PBXFileReference; lastKnownFileType = text.plist.xml; path = Info.plist; sourceTree = "<group>"; };
		14F2CD9D28779C010046372F /* main.m */ = {isa = PBXFileReference; lastKnownFileType = sourcecode.c.objc; path = main.m; sourceTree = "<group>"; };
		14F2CDA328779C010046372F /* Capstone ProjectTests.xctest */ = {isa = PBXFileReference; explicitFileType = wrapper.cfbundle; includeInIndex = 0; path = "Capstone ProjectTests.xctest"; sourceTree = BUILT_PRODUCTS_DIR; };
		14F2CDA728779C010046372F /* Capstone_ProjectTests.m */ = {isa = PBXFileReference; lastKnownFileType = sourcecode.c.objc; path = Capstone_ProjectTests.m; sourceTree = "<group>"; };
		14F2CDAD28779C010046372F /* Capstone ProjectUITests.xctest */ = {isa = PBXFileReference; explicitFileType = wrapper.cfbundle; includeInIndex = 0; path = "Capstone ProjectUITests.xctest"; sourceTree = BUILT_PRODUCTS_DIR; };
		14F2CDB128779C010046372F /* Capstone_ProjectUITests.m */ = {isa = PBXFileReference; lastKnownFileType = sourcecode.c.objc; path = Capstone_ProjectUITests.m; sourceTree = "<group>"; };
		14F2CDB328779C010046372F /* Capstone_ProjectUITestsLaunchTests.m */ = {isa = PBXFileReference; lastKnownFileType = sourcecode.c.objc; path = Capstone_ProjectUITestsLaunchTests.m; sourceTree = "<group>"; };
		16799C0AA54AFEC10FEB1803 /* Pods_Capstone_Project.framework */ = {isa = PBXFileReference; explicitFileType = wrapper.framework; includeInIndex = 0; path = Pods_Capstone_Project.framework; sourceTree = BUILT_PRODUCTS_DIR; };
		18CDE43420325BCEE28A9BDD /* Pods_Capstone_ProjectTests.framework */ = {isa = PBXFileReference; explicitFileType = wrapper.framework; includeInIndex = 0; path = Pods_Capstone_ProjectTests.framework; sourceTree = BUILT_PRODUCTS_DIR; };
		8B33994236E34F98D5E78D29 /* Pods-Capstone ProjectTests.debug.xcconfig */ = {isa = PBXFileReference; includeInIndex = 1; lastKnownFileType = text.xcconfig; name = "Pods-Capstone ProjectTests.debug.xcconfig"; path = "Target Support Files/Pods-Capstone ProjectTests/Pods-Capstone ProjectTests.debug.xcconfig"; sourceTree = "<group>"; };
		962A9319AE0E63E2E93A41F0 /* Pods-Capstone Project-Capstone ProjectUITests.release.xcconfig */ = {isa = PBXFileReference; includeInIndex = 1; lastKnownFileType = text.xcconfig; name = "Pods-Capstone Project-Capstone ProjectUITests.release.xcconfig"; path = "Target Support Files/Pods-Capstone Project-Capstone ProjectUITests/Pods-Capstone Project-Capstone ProjectUITests.release.xcconfig"; sourceTree = "<group>"; };
		A966E99F0E53F4CFE64BA5CA /* Pods-Capstone Project.debug.xcconfig */ = {isa = PBXFileReference; includeInIndex = 1; lastKnownFileType = text.xcconfig; name = "Pods-Capstone Project.debug.xcconfig"; path = "Target Support Files/Pods-Capstone Project/Pods-Capstone Project.debug.xcconfig"; sourceTree = "<group>"; };
		C9187992BFAB8B5940137AE7 /* Pods-Capstone Project-Capstone ProjectUITests.debug.xcconfig */ = {isa = PBXFileReference; includeInIndex = 1; lastKnownFileType = text.xcconfig; name = "Pods-Capstone Project-Capstone ProjectUITests.debug.xcconfig"; path = "Target Support Files/Pods-Capstone Project-Capstone ProjectUITests/Pods-Capstone Project-Capstone ProjectUITests.debug.xcconfig"; sourceTree = "<group>"; };
		DAF44F1D76E190B22327FB6F /* Pods-Capstone ProjectTests.release.xcconfig */ = {isa = PBXFileReference; includeInIndex = 1; lastKnownFileType = text.xcconfig; name = "Pods-Capstone ProjectTests.release.xcconfig"; path = "Target Support Files/Pods-Capstone ProjectTests/Pods-Capstone ProjectTests.release.xcconfig"; sourceTree = "<group>"; };
		DB2AC4A5AE44837015CBFA03 /* Pods_Capstone_Project_Capstone_ProjectUITests.framework */ = {isa = PBXFileReference; explicitFileType = wrapper.framework; includeInIndex = 0; path = Pods_Capstone_Project_Capstone_ProjectUITests.framework; sourceTree = BUILT_PRODUCTS_DIR; };
/* End PBXFileReference section */

/* Begin PBXFrameworksBuildPhase section */
		14F2CD8528779C000046372F /* Frameworks */ = {
			isa = PBXFrameworksBuildPhase;
			buildActionMask = 2147483647;
			files = (
				E3A23BBF59202D5F95AD5E7A /* Pods_Capstone_Project.framework in Frameworks */,
			);
			runOnlyForDeploymentPostprocessing = 0;
		};
		14F2CDA028779C010046372F /* Frameworks */ = {
			isa = PBXFrameworksBuildPhase;
			buildActionMask = 2147483647;
			files = (
				A86A486AA3301812A1E60C8E /* Pods_Capstone_ProjectTests.framework in Frameworks */,
			);
			runOnlyForDeploymentPostprocessing = 0;
		};
		14F2CDAA28779C010046372F /* Frameworks */ = {
			isa = PBXFrameworksBuildPhase;
			buildActionMask = 2147483647;
			files = (
				E4F0CA9935D7BBA090A9FA7F /* Pods_Capstone_Project_Capstone_ProjectUITests.framework in Frameworks */,
			);
			runOnlyForDeploymentPostprocessing = 0;
		};
/* End PBXFrameworksBuildPhase section */

/* Begin PBXGroup section */
		14188C702878AD7200F72209 /* User authentication */ = {
			isa = PBXGroup;
			children = (
				14188C7A2878B0D800F72209 /* SignupViewController.h */,
				14188C7B2878B0D800F72209 /* SignupViewController.m */,
				14188C772878AF7900F72209 /* LoginViewController.h */,
				14188C782878AF7900F72209 /* LoginViewController.m */,
			);
			path = "User authentication";
			sourceTree = "<group>";
		};
		14F2CD7F28779C000046372F = {
			isa = PBXGroup;
			children = (
				14F2CD8A28779C000046372F /* Capstone Project */,
				14F2CDA628779C010046372F /* Capstone ProjectTests */,
				14F2CDB028779C010046372F /* Capstone ProjectUITests */,
				14F2CD8928779C000046372F /* Products */,
				8506C9732F943713D48C632C /* Pods */,
				6F4CD7531B87342CA3F31571 /* Frameworks */,
			);
			sourceTree = "<group>";
		};
		14F2CD8928779C000046372F /* Products */ = {
			isa = PBXGroup;
			children = (
				14F2CD8828779C000046372F /* Capstone Project.app */,
				14F2CDA328779C010046372F /* Capstone ProjectTests.xctest */,
				14F2CDAD28779C010046372F /* Capstone ProjectUITests.xctest */,
			);
			name = Products;
			sourceTree = "<group>";
		};
		14F2CD8A28779C000046372F /* Capstone Project */ = {
			isa = PBXGroup;
			children = (
				14F2CD8B28779C000046372F /* AppDelegate.h */,
				14F2CD8C28779C000046372F /* AppDelegate.m */,
				14F2CD8E28779C000046372F /* SceneDelegate.h */,
				14F2CD8F28779C000046372F /* SceneDelegate.m */,
				14F2CD9428779C000046372F /* Main.storyboard */,
				14314D80287CDF5A00467223 /* Post.h */,
				14314D81287CDF5A00467223 /* Post.m */,
				14F2CD9728779C010046372F /* Assets.xcassets */,
				14F2CD9928779C010046372F /* LaunchScreen.storyboard */,
				14F2CD9C28779C010046372F /* Info.plist */,
				14F2CD9D28779C010046372F /* main.m */,
				14188C702878AD7200F72209 /* User authentication */,
				14188C802878EF8400F72209 /* WorkoutsViewController.h */,
				14188C812878EF8400F72209 /* WorkoutsViewController.m */,
				1413AAD1287BF28100373D1B /* WeightLossViewController.h */,
				1413AAD2287BF28100373D1B /* WeightLossViewController.m */,
				14314D7D287C9E3200467223 /* PostPreviewViewController.h */,
				14314D7E287C9E3200467223 /* PostPreviewViewController.m */,
			);
			path = "Capstone Project";
			sourceTree = "<group>";
		};
		14F2CDA628779C010046372F /* Capstone ProjectTests */ = {
			isa = PBXGroup;
			children = (
				14F2CDA728779C010046372F /* Capstone_ProjectTests.m */,
			);
			path = "Capstone ProjectTests";
			sourceTree = "<group>";
		};
		14F2CDB028779C010046372F /* Capstone ProjectUITests */ = {
			isa = PBXGroup;
			children = (
				14F2CDB128779C010046372F /* Capstone_ProjectUITests.m */,
				14F2CDB328779C010046372F /* Capstone_ProjectUITestsLaunchTests.m */,
			);
			path = "Capstone ProjectUITests";
			sourceTree = "<group>";
		};
		6F4CD7531B87342CA3F31571 /* Frameworks */ = {
			isa = PBXGroup;
			children = (
				16799C0AA54AFEC10FEB1803 /* Pods_Capstone_Project.framework */,
				DB2AC4A5AE44837015CBFA03 /* Pods_Capstone_Project_Capstone_ProjectUITests.framework */,
				18CDE43420325BCEE28A9BDD /* Pods_Capstone_ProjectTests.framework */,
			);
			name = Frameworks;
			sourceTree = "<group>";
		};
		8506C9732F943713D48C632C /* Pods */ = {
			isa = PBXGroup;
			children = (
				A966E99F0E53F4CFE64BA5CA /* Pods-Capstone Project.debug.xcconfig */,
				0D1BB2FFC15DFA3E9B29C726 /* Pods-Capstone Project.release.xcconfig */,
				C9187992BFAB8B5940137AE7 /* Pods-Capstone Project-Capstone ProjectUITests.debug.xcconfig */,
				962A9319AE0E63E2E93A41F0 /* Pods-Capstone Project-Capstone ProjectUITests.release.xcconfig */,
				8B33994236E34F98D5E78D29 /* Pods-Capstone ProjectTests.debug.xcconfig */,
				DAF44F1D76E190B22327FB6F /* Pods-Capstone ProjectTests.release.xcconfig */,
			);
			path = Pods;
			sourceTree = "<group>";
		};
/* End PBXGroup section */

/* Begin PBXNativeTarget section */
		14F2CD8728779C000046372F /* Capstone Project */ = {
			isa = PBXNativeTarget;
			buildConfigurationList = 14F2CDB728779C010046372F /* Build configuration list for PBXNativeTarget "Capstone Project" */;
			buildPhases = (
				CFA8F30CCB60EC3218716C2D /* [CP] Check Pods Manifest.lock */,
				14F2CD8428779C000046372F /* Sources */,
				14F2CD8528779C000046372F /* Frameworks */,
				14F2CD8628779C000046372F /* Resources */,
				0D8DCDE75E06949C1F6046E5 /* [CP] Embed Pods Frameworks */,
			);
			buildRules = (
			);
			dependencies = (
			);
			name = "Capstone Project";
			productName = "Capstone Project";
			productReference = 14F2CD8828779C000046372F /* Capstone Project.app */;
			productType = "com.apple.product-type.application";
		};
		14F2CDA228779C010046372F /* Capstone ProjectTests */ = {
			isa = PBXNativeTarget;
			buildConfigurationList = 14F2CDBA28779C010046372F /* Build configuration list for PBXNativeTarget "Capstone ProjectTests" */;
			buildPhases = (
				66BC10093018B4DD057813C8 /* [CP] Check Pods Manifest.lock */,
				14F2CD9F28779C010046372F /* Sources */,
				14F2CDA028779C010046372F /* Frameworks */,
				14F2CDA128779C010046372F /* Resources */,
			);
			buildRules = (
			);
			dependencies = (
				14F2CDA528779C010046372F /* PBXTargetDependency */,
			);
			name = "Capstone ProjectTests";
			productName = "Capstone ProjectTests";
			productReference = 14F2CDA328779C010046372F /* Capstone ProjectTests.xctest */;
			productType = "com.apple.product-type.bundle.unit-test";
		};
		14F2CDAC28779C010046372F /* Capstone ProjectUITests */ = {
			isa = PBXNativeTarget;
			buildConfigurationList = 14F2CDBD28779C010046372F /* Build configuration list for PBXNativeTarget "Capstone ProjectUITests" */;
			buildPhases = (
				D775086E6D0D4CCC097E2B61 /* [CP] Check Pods Manifest.lock */,
				14F2CDA928779C010046372F /* Sources */,
				14F2CDAA28779C010046372F /* Frameworks */,
				14F2CDAB28779C010046372F /* Resources */,
				13E822915D0D10193ACEA080 /* [CP] Embed Pods Frameworks */,
			);
			buildRules = (
			);
			dependencies = (
				14F2CDAF28779C010046372F /* PBXTargetDependency */,
			);
			name = "Capstone ProjectUITests";
			productName = "Capstone ProjectUITests";
			productReference = 14F2CDAD28779C010046372F /* Capstone ProjectUITests.xctest */;
			productType = "com.apple.product-type.bundle.ui-testing";
		};
/* End PBXNativeTarget section */

/* Begin PBXProject section */
		14F2CD8028779C000046372F /* Project object */ = {
			isa = PBXProject;
			attributes = {
				BuildIndependentTargetsInParallel = 1;
				LastUpgradeCheck = 1340;
				TargetAttributes = {
					14F2CD8728779C000046372F = {
						CreatedOnToolsVersion = 13.4;
					};
					14F2CDA228779C010046372F = {
						CreatedOnToolsVersion = 13.4;
						TestTargetID = 14F2CD8728779C000046372F;
					};
					14F2CDAC28779C010046372F = {
						CreatedOnToolsVersion = 13.4;
						TestTargetID = 14F2CD8728779C000046372F;
					};
				};
			};
			buildConfigurationList = 14F2CD8328779C000046372F /* Build configuration list for PBXProject "Capstone Project" */;
			compatibilityVersion = "Xcode 13.0";
			developmentRegion = en;
			hasScannedForEncodings = 0;
			knownRegions = (
				en,
				Base,
			);
			mainGroup = 14F2CD7F28779C000046372F;
			productRefGroup = 14F2CD8928779C000046372F /* Products */;
			projectDirPath = "";
			projectRoot = "";
			targets = (
				14F2CD8728779C000046372F /* Capstone Project */,
				14F2CDA228779C010046372F /* Capstone ProjectTests */,
				14F2CDAC28779C010046372F /* Capstone ProjectUITests */,
			);
		};
/* End PBXProject section */

/* Begin PBXResourcesBuildPhase section */
		14F2CD8628779C000046372F /* Resources */ = {
			isa = PBXResourcesBuildPhase;
			buildActionMask = 2147483647;
			files = (
				14F2CD9B28779C010046372F /* LaunchScreen.storyboard in Resources */,
				14F2CD9828779C010046372F /* Assets.xcassets in Resources */,
				14F2CD9628779C000046372F /* Main.storyboard in Resources */,
			);
			runOnlyForDeploymentPostprocessing = 0;
		};
		14F2CDA128779C010046372F /* Resources */ = {
			isa = PBXResourcesBuildPhase;
			buildActionMask = 2147483647;
			files = (
			);
			runOnlyForDeploymentPostprocessing = 0;
		};
		14F2CDAB28779C010046372F /* Resources */ = {
			isa = PBXResourcesBuildPhase;
			buildActionMask = 2147483647;
			files = (
			);
			runOnlyForDeploymentPostprocessing = 0;
		};
/* End PBXResourcesBuildPhase section */

/* Begin PBXShellScriptBuildPhase section */
		0D8DCDE75E06949C1F6046E5 /* [CP] Embed Pods Frameworks */ = {
			isa = PBXShellScriptBuildPhase;
			buildActionMask = 2147483647;
			files = (
			);
			inputFileListPaths = (
				"${PODS_ROOT}/Target Support Files/Pods-Capstone Project/Pods-Capstone Project-frameworks-${CONFIGURATION}-input-files.xcfilelist",
			);
			name = "[CP] Embed Pods Frameworks";
			outputFileListPaths = (
				"${PODS_ROOT}/Target Support Files/Pods-Capstone Project/Pods-Capstone Project-frameworks-${CONFIGURATION}-output-files.xcfilelist",
			);
			runOnlyForDeploymentPostprocessing = 0;
			shellPath = /bin/sh;
			shellScript = "\"${PODS_ROOT}/Target Support Files/Pods-Capstone Project/Pods-Capstone Project-frameworks.sh\"\n";
			showEnvVarsInLog = 0;
		};
		13E822915D0D10193ACEA080 /* [CP] Embed Pods Frameworks */ = {
			isa = PBXShellScriptBuildPhase;
			buildActionMask = 2147483647;
			files = (
			);
			inputFileListPaths = (
				"${PODS_ROOT}/Target Support Files/Pods-Capstone Project-Capstone ProjectUITests/Pods-Capstone Project-Capstone ProjectUITests-frameworks-${CONFIGURATION}-input-files.xcfilelist",
			);
			name = "[CP] Embed Pods Frameworks";
			outputFileListPaths = (
				"${PODS_ROOT}/Target Support Files/Pods-Capstone Project-Capstone ProjectUITests/Pods-Capstone Project-Capstone ProjectUITests-frameworks-${CONFIGURATION}-output-files.xcfilelist",
			);
			runOnlyForDeploymentPostprocessing = 0;
			shellPath = /bin/sh;
			shellScript = "\"${PODS_ROOT}/Target Support Files/Pods-Capstone Project-Capstone ProjectUITests/Pods-Capstone Project-Capstone ProjectUITests-frameworks.sh\"\n";
			showEnvVarsInLog = 0;
		};
		66BC10093018B4DD057813C8 /* [CP] Check Pods Manifest.lock */ = {
			isa = PBXShellScriptBuildPhase;
			buildActionMask = 2147483647;
			files = (
			);
			inputFileListPaths = (
			);
			inputPaths = (
				"${PODS_PODFILE_DIR_PATH}/Podfile.lock",
				"${PODS_ROOT}/Manifest.lock",
			);
			name = "[CP] Check Pods Manifest.lock";
			outputFileListPaths = (
			);
			outputPaths = (
				"$(DERIVED_FILE_DIR)/Pods-Capstone ProjectTests-checkManifestLockResult.txt",
			);
			runOnlyForDeploymentPostprocessing = 0;
			shellPath = /bin/sh;
			shellScript = "diff \"${PODS_PODFILE_DIR_PATH}/Podfile.lock\" \"${PODS_ROOT}/Manifest.lock\" > /dev/null\nif [ $? != 0 ] ; then\n    # print error to STDERR\n    echo \"error: The sandbox is not in sync with the Podfile.lock. Run 'pod install' or update your CocoaPods installation.\" >&2\n    exit 1\nfi\n# This output is used by Xcode 'outputs' to avoid re-running this script phase.\necho \"SUCCESS\" > \"${SCRIPT_OUTPUT_FILE_0}\"\n";
			showEnvVarsInLog = 0;
		};
		CFA8F30CCB60EC3218716C2D /* [CP] Check Pods Manifest.lock */ = {
			isa = PBXShellScriptBuildPhase;
			buildActionMask = 2147483647;
			files = (
			);
			inputFileListPaths = (
			);
			inputPaths = (
				"${PODS_PODFILE_DIR_PATH}/Podfile.lock",
				"${PODS_ROOT}/Manifest.lock",
			);
			name = "[CP] Check Pods Manifest.lock";
			outputFileListPaths = (
			);
			outputPaths = (
				"$(DERIVED_FILE_DIR)/Pods-Capstone Project-checkManifestLockResult.txt",
			);
			runOnlyForDeploymentPostprocessing = 0;
			shellPath = /bin/sh;
			shellScript = "diff \"${PODS_PODFILE_DIR_PATH}/Podfile.lock\" \"${PODS_ROOT}/Manifest.lock\" > /dev/null\nif [ $? != 0 ] ; then\n    # print error to STDERR\n    echo \"error: The sandbox is not in sync with the Podfile.lock. Run 'pod install' or update your CocoaPods installation.\" >&2\n    exit 1\nfi\n# This output is used by Xcode 'outputs' to avoid re-running this script phase.\necho \"SUCCESS\" > \"${SCRIPT_OUTPUT_FILE_0}\"\n";
			showEnvVarsInLog = 0;
		};
		D775086E6D0D4CCC097E2B61 /* [CP] Check Pods Manifest.lock */ = {
			isa = PBXShellScriptBuildPhase;
			buildActionMask = 2147483647;
			files = (
			);
			inputFileListPaths = (
			);
			inputPaths = (
				"${PODS_PODFILE_DIR_PATH}/Podfile.lock",
				"${PODS_ROOT}/Manifest.lock",
			);
			name = "[CP] Check Pods Manifest.lock";
			outputFileListPaths = (
			);
			outputPaths = (
				"$(DERIVED_FILE_DIR)/Pods-Capstone Project-Capstone ProjectUITests-checkManifestLockResult.txt",
			);
			runOnlyForDeploymentPostprocessing = 0;
			shellPath = /bin/sh;
			shellScript = "diff \"${PODS_PODFILE_DIR_PATH}/Podfile.lock\" \"${PODS_ROOT}/Manifest.lock\" > /dev/null\nif [ $? != 0 ] ; then\n    # print error to STDERR\n    echo \"error: The sandbox is not in sync with the Podfile.lock. Run 'pod install' or update your CocoaPods installation.\" >&2\n    exit 1\nfi\n# This output is used by Xcode 'outputs' to avoid re-running this script phase.\necho \"SUCCESS\" > \"${SCRIPT_OUTPUT_FILE_0}\"\n";
			showEnvVarsInLog = 0;
		};
/* End PBXShellScriptBuildPhase section */

/* Begin PBXSourcesBuildPhase section */
		14F2CD8428779C000046372F /* Sources */ = {
			isa = PBXSourcesBuildPhase;
			buildActionMask = 2147483647;
			files = (
				14F2CD8D28779C000046372F /* AppDelegate.m in Sources */,
				14F2CD9E28779C010046372F /* main.m in Sources */,
				14188C822878EF8400F72209 /* WorkoutsViewController.m in Sources */,
				14F2CD9028779C000046372F /* SceneDelegate.m in Sources */,
				14314D82287CDF5A00467223 /* Post.m in Sources */,
				14188C792878AF7900F72209 /* LoginViewController.m in Sources */,
				14314D7F287C9E3200467223 /* PostPreviewViewController.m in Sources */,
				1413AAD3287BF28100373D1B /* WeightLossViewController.m in Sources */,
				14188C7C2878B0D800F72209 /* SignupViewController.m in Sources */,
			);
			runOnlyForDeploymentPostprocessing = 0;
		};
		14F2CD9F28779C010046372F /* Sources */ = {
			isa = PBXSourcesBuildPhase;
			buildActionMask = 2147483647;
			files = (
				14F2CDA828779C010046372F /* Capstone_ProjectTests.m in Sources */,
			);
			runOnlyForDeploymentPostprocessing = 0;
		};
		14F2CDA928779C010046372F /* Sources */ = {
			isa = PBXSourcesBuildPhase;
			buildActionMask = 2147483647;
			files = (
				14F2CDB228779C010046372F /* Capstone_ProjectUITests.m in Sources */,
				14F2CDB428779C010046372F /* Capstone_ProjectUITestsLaunchTests.m in Sources */,
			);
			runOnlyForDeploymentPostprocessing = 0;
		};
/* End PBXSourcesBuildPhase section */

/* Begin PBXTargetDependency section */
		14F2CDA528779C010046372F /* PBXTargetDependency */ = {
			isa = PBXTargetDependency;
			target = 14F2CD8728779C000046372F /* Capstone Project */;
			targetProxy = 14F2CDA428779C010046372F /* PBXContainerItemProxy */;
		};
		14F2CDAF28779C010046372F /* PBXTargetDependency */ = {
			isa = PBXTargetDependency;
			target = 14F2CD8728779C000046372F /* Capstone Project */;
			targetProxy = 14F2CDAE28779C010046372F /* PBXContainerItemProxy */;
		};
/* End PBXTargetDependency section */

/* Begin PBXVariantGroup section */
		14F2CD9428779C000046372F /* Main.storyboard */ = {
			isa = PBXVariantGroup;
			children = (
				14F2CD9528779C000046372F /* Base */,
			);
			name = Main.storyboard;
			sourceTree = "<group>";
		};
		14F2CD9928779C010046372F /* LaunchScreen.storyboard */ = {
			isa = PBXVariantGroup;
			children = (
				14F2CD9A28779C010046372F /* Base */,
			);
			name = LaunchScreen.storyboard;
			sourceTree = "<group>";
		};
/* End PBXVariantGroup section */

/* Begin XCBuildConfiguration section */
		14F2CDB528779C010046372F /* Debug */ = {
			isa = XCBuildConfiguration;
			buildSettings = {
				ALWAYS_SEARCH_USER_PATHS = NO;
				CLANG_ANALYZER_NONNULL = YES;
				CLANG_ANALYZER_NUMBER_OBJECT_CONVERSION = YES_AGGRESSIVE;
				CLANG_CXX_LANGUAGE_STANDARD = "gnu++17";
				CLANG_ENABLE_MODULES = YES;
				CLANG_ENABLE_OBJC_ARC = YES;
				CLANG_ENABLE_OBJC_WEAK = YES;
				CLANG_WARN_BLOCK_CAPTURE_AUTORELEASING = YES;
				CLANG_WARN_BOOL_CONVERSION = YES;
				CLANG_WARN_COMMA = YES;
				CLANG_WARN_CONSTANT_CONVERSION = YES;
				CLANG_WARN_DEPRECATED_OBJC_IMPLEMENTATIONS = YES;
				CLANG_WARN_DIRECT_OBJC_ISA_USAGE = YES_ERROR;
				CLANG_WARN_DOCUMENTATION_COMMENTS = YES;
				CLANG_WARN_EMPTY_BODY = YES;
				CLANG_WARN_ENUM_CONVERSION = YES;
				CLANG_WARN_INFINITE_RECURSION = YES;
				CLANG_WARN_INT_CONVERSION = YES;
				CLANG_WARN_NON_LITERAL_NULL_CONVERSION = YES;
				CLANG_WARN_OBJC_IMPLICIT_RETAIN_SELF = YES;
				CLANG_WARN_OBJC_LITERAL_CONVERSION = YES;
				CLANG_WARN_OBJC_ROOT_CLASS = YES_ERROR;
				CLANG_WARN_QUOTED_INCLUDE_IN_FRAMEWORK_HEADER = YES;
				CLANG_WARN_RANGE_LOOP_ANALYSIS = YES;
				CLANG_WARN_STRICT_PROTOTYPES = YES;
				CLANG_WARN_SUSPICIOUS_MOVE = YES;
				CLANG_WARN_UNGUARDED_AVAILABILITY = YES_AGGRESSIVE;
				CLANG_WARN_UNREACHABLE_CODE = YES;
				CLANG_WARN__DUPLICATE_METHOD_MATCH = YES;
				COPY_PHASE_STRIP = NO;
				DEBUG_INFORMATION_FORMAT = dwarf;
				ENABLE_STRICT_OBJC_MSGSEND = YES;
				ENABLE_TESTABILITY = YES;
				GCC_C_LANGUAGE_STANDARD = gnu11;
				GCC_DYNAMIC_NO_PIC = NO;
				GCC_NO_COMMON_BLOCKS = YES;
				GCC_OPTIMIZATION_LEVEL = 0;
				GCC_PREPROCESSOR_DEFINITIONS = (
					"DEBUG=1",
					"$(inherited)",
				);
				GCC_WARN_64_TO_32_BIT_CONVERSION = YES;
				GCC_WARN_ABOUT_RETURN_TYPE = YES_ERROR;
				GCC_WARN_UNDECLARED_SELECTOR = YES;
				GCC_WARN_UNINITIALIZED_AUTOS = YES_AGGRESSIVE;
				GCC_WARN_UNUSED_FUNCTION = YES;
				GCC_WARN_UNUSED_VARIABLE = YES;
				IPHONEOS_DEPLOYMENT_TARGET = 15.5;
				MTL_ENABLE_DEBUG_INFO = INCLUDE_SOURCE;
				MTL_FAST_MATH = YES;
				ONLY_ACTIVE_ARCH = YES;
				SDKROOT = iphoneos;
			};
			name = Debug;
		};
		14F2CDB628779C010046372F /* Release */ = {
			isa = XCBuildConfiguration;
			buildSettings = {
				ALWAYS_SEARCH_USER_PATHS = NO;
				CLANG_ANALYZER_NONNULL = YES;
				CLANG_ANALYZER_NUMBER_OBJECT_CONVERSION = YES_AGGRESSIVE;
				CLANG_CXX_LANGUAGE_STANDARD = "gnu++17";
				CLANG_ENABLE_MODULES = YES;
				CLANG_ENABLE_OBJC_ARC = YES;
				CLANG_ENABLE_OBJC_WEAK = YES;
				CLANG_WARN_BLOCK_CAPTURE_AUTORELEASING = YES;
				CLANG_WARN_BOOL_CONVERSION = YES;
				CLANG_WARN_COMMA = YES;
				CLANG_WARN_CONSTANT_CONVERSION = YES;
				CLANG_WARN_DEPRECATED_OBJC_IMPLEMENTATIONS = YES;
				CLANG_WARN_DIRECT_OBJC_ISA_USAGE = YES_ERROR;
				CLANG_WARN_DOCUMENTATION_COMMENTS = YES;
				CLANG_WARN_EMPTY_BODY = YES;
				CLANG_WARN_ENUM_CONVERSION = YES;
				CLANG_WARN_INFINITE_RECURSION = YES;
				CLANG_WARN_INT_CONVERSION = YES;
				CLANG_WARN_NON_LITERAL_NULL_CONVERSION = YES;
				CLANG_WARN_OBJC_IMPLICIT_RETAIN_SELF = YES;
				CLANG_WARN_OBJC_LITERAL_CONVERSION = YES;
				CLANG_WARN_OBJC_ROOT_CLASS = YES_ERROR;
				CLANG_WARN_QUOTED_INCLUDE_IN_FRAMEWORK_HEADER = YES;
				CLANG_WARN_RANGE_LOOP_ANALYSIS = YES;
				CLANG_WARN_STRICT_PROTOTYPES = YES;
				CLANG_WARN_SUSPICIOUS_MOVE = YES;
				CLANG_WARN_UNGUARDED_AVAILABILITY = YES_AGGRESSIVE;
				CLANG_WARN_UNREACHABLE_CODE = YES;
				CLANG_WARN__DUPLICATE_METHOD_MATCH = YES;
				COPY_PHASE_STRIP = NO;
				DEBUG_INFORMATION_FORMAT = "dwarf-with-dsym";
				ENABLE_NS_ASSERTIONS = NO;
				ENABLE_STRICT_OBJC_MSGSEND = YES;
				GCC_C_LANGUAGE_STANDARD = gnu11;
				GCC_NO_COMMON_BLOCKS = YES;
				GCC_WARN_64_TO_32_BIT_CONVERSION = YES;
				GCC_WARN_ABOUT_RETURN_TYPE = YES_ERROR;
				GCC_WARN_UNDECLARED_SELECTOR = YES;
				GCC_WARN_UNINITIALIZED_AUTOS = YES_AGGRESSIVE;
				GCC_WARN_UNUSED_FUNCTION = YES;
				GCC_WARN_UNUSED_VARIABLE = YES;
				IPHONEOS_DEPLOYMENT_TARGET = 15.5;
				MTL_ENABLE_DEBUG_INFO = NO;
				MTL_FAST_MATH = YES;
				SDKROOT = iphoneos;
				VALIDATE_PRODUCT = YES;
			};
			name = Release;
		};
		14F2CDB828779C010046372F /* Debug */ = {
			isa = XCBuildConfiguration;
			baseConfigurationReference = A966E99F0E53F4CFE64BA5CA /* Pods-Capstone Project.debug.xcconfig */;
			buildSettings = {
				ASSETCATALOG_COMPILER_APPICON_NAME = AppIcon;
				ASSETCATALOG_COMPILER_GLOBAL_ACCENT_COLOR_NAME = AccentColor;
				CODE_SIGN_STYLE = Automatic;
				CURRENT_PROJECT_VERSION = 1;
				DEVELOPMENT_TEAM = F6HQL8H2BW;
				GENERATE_INFOPLIST_FILE = YES;
				INFOPLIST_FILE = "Capstone Project/Info.plist";
				INFOPLIST_KEY_UIApplicationSupportsIndirectInputEvents = YES;
				INFOPLIST_KEY_UILaunchStoryboardName = LaunchScreen;
				INFOPLIST_KEY_UIMainStoryboardFile = Main;
				INFOPLIST_KEY_UISupportedInterfaceOrientations_iPad = "UIInterfaceOrientationPortrait UIInterfaceOrientationPortraitUpsideDown UIInterfaceOrientationLandscapeLeft UIInterfaceOrientationLandscapeRight";
				INFOPLIST_KEY_UISupportedInterfaceOrientations_iPhone = "UIInterfaceOrientationPortrait UIInterfaceOrientationLandscapeLeft UIInterfaceOrientationLandscapeRight";
				LD_RUNPATH_SEARCH_PATHS = (
					"$(inherited)",
					"@executable_path/Frameworks",
				);
				MARKETING_VERSION = 1.0;
				PRODUCT_BUNDLE_IDENTIFIER = "com.hugomez.Capstone-Project";
				PRODUCT_NAME = "$(TARGET_NAME)";
				SWIFT_EMIT_LOC_STRINGS = YES;
				TARGETED_DEVICE_FAMILY = "1,2";
			};
			name = Debug;
		};
		14F2CDB928779C010046372F /* Release */ = {
			isa = XCBuildConfiguration;
			baseConfigurationReference = 0D1BB2FFC15DFA3E9B29C726 /* Pods-Capstone Project.release.xcconfig */;
			buildSettings = {
				ASSETCATALOG_COMPILER_APPICON_NAME = AppIcon;
				ASSETCATALOG_COMPILER_GLOBAL_ACCENT_COLOR_NAME = AccentColor;
				CODE_SIGN_STYLE = Automatic;
				CURRENT_PROJECT_VERSION = 1;
				DEVELOPMENT_TEAM = F6HQL8H2BW;
				GENERATE_INFOPLIST_FILE = YES;
				INFOPLIST_FILE = "Capstone Project/Info.plist";
				INFOPLIST_KEY_UIApplicationSupportsIndirectInputEvents = YES;
				INFOPLIST_KEY_UILaunchStoryboardName = LaunchScreen;
				INFOPLIST_KEY_UIMainStoryboardFile = Main;
				INFOPLIST_KEY_UISupportedInterfaceOrientations_iPad = "UIInterfaceOrientationPortrait UIInterfaceOrientationPortraitUpsideDown UIInterfaceOrientationLandscapeLeft UIInterfaceOrientationLandscapeRight";
				INFOPLIST_KEY_UISupportedInterfaceOrientations_iPhone = "UIInterfaceOrientationPortrait UIInterfaceOrientationLandscapeLeft UIInterfaceOrientationLandscapeRight";
				LD_RUNPATH_SEARCH_PATHS = (
					"$(inherited)",
					"@executable_path/Frameworks",
				);
				MARKETING_VERSION = 1.0;
				PRODUCT_BUNDLE_IDENTIFIER = "com.hugomez.Capstone-Project";
				PRODUCT_NAME = "$(TARGET_NAME)";
				SWIFT_EMIT_LOC_STRINGS = YES;
				TARGETED_DEVICE_FAMILY = "1,2";
			};
			name = Release;
		};
		14F2CDBB28779C010046372F /* Debug */ = {
			isa = XCBuildConfiguration;
			baseConfigurationReference = 8B33994236E34F98D5E78D29 /* Pods-Capstone ProjectTests.debug.xcconfig */;
			buildSettings = {
				BUNDLE_LOADER = "$(TEST_HOST)";
				CODE_SIGN_STYLE = Automatic;
				CURRENT_PROJECT_VERSION = 1;
				DEVELOPMENT_TEAM = F6HQL8H2BW;
				GENERATE_INFOPLIST_FILE = YES;
				IPHONEOS_DEPLOYMENT_TARGET = 15.5;
				MARKETING_VERSION = 1.0;
				PRODUCT_BUNDLE_IDENTIFIER = "com.hugomez.Capstone-ProjectTests";
				PRODUCT_NAME = "$(TARGET_NAME)";
				SWIFT_EMIT_LOC_STRINGS = NO;
				TARGETED_DEVICE_FAMILY = "1,2";
				TEST_HOST = "$(BUILT_PRODUCTS_DIR)/Capstone Project.app/Capstone Project";
			};
			name = Debug;
		};
		14F2CDBC28779C010046372F /* Release */ = {
			isa = XCBuildConfiguration;
			baseConfigurationReference = DAF44F1D76E190B22327FB6F /* Pods-Capstone ProjectTests.release.xcconfig */;
			buildSettings = {
				BUNDLE_LOADER = "$(TEST_HOST)";
				CODE_SIGN_STYLE = Automatic;
				CURRENT_PROJECT_VERSION = 1;
				DEVELOPMENT_TEAM = F6HQL8H2BW;
				GENERATE_INFOPLIST_FILE = YES;
				IPHONEOS_DEPLOYMENT_TARGET = 15.5;
				MARKETING_VERSION = 1.0;
				PRODUCT_BUNDLE_IDENTIFIER = "com.hugomez.Capstone-ProjectTests";
				PRODUCT_NAME = "$(TARGET_NAME)";
				SWIFT_EMIT_LOC_STRINGS = NO;
				TARGETED_DEVICE_FAMILY = "1,2";
				TEST_HOST = "$(BUILT_PRODUCTS_DIR)/Capstone Project.app/Capstone Project";
			};
			name = Release;
		};
		14F2CDBE28779C010046372F /* Debug */ = {
			isa = XCBuildConfiguration;
			baseConfigurationReference = C9187992BFAB8B5940137AE7 /* Pods-Capstone Project-Capstone ProjectUITests.debug.xcconfig */;
			buildSettings = {
				CODE_SIGN_STYLE = Automatic;
				CURRENT_PROJECT_VERSION = 1;
				DEVELOPMENT_TEAM = F6HQL8H2BW;
				GENERATE_INFOPLIST_FILE = YES;
				MARKETING_VERSION = 1.0;
				PRODUCT_BUNDLE_IDENTIFIER = "com.hugomez.Capstone-ProjectUITests";
				PRODUCT_NAME = "$(TARGET_NAME)";
				SWIFT_EMIT_LOC_STRINGS = NO;
				TARGETED_DEVICE_FAMILY = "1,2";
				TEST_TARGET_NAME = "Capstone Project";
			};
			name = Debug;
		};
		14F2CDBF28779C010046372F /* Release */ = {
			isa = XCBuildConfiguration;
			baseConfigurationReference = 962A9319AE0E63E2E93A41F0 /* Pods-Capstone Project-Capstone ProjectUITests.release.xcconfig */;
			buildSettings = {
				CODE_SIGN_STYLE = Automatic;
				CURRENT_PROJECT_VERSION = 1;
				DEVELOPMENT_TEAM = F6HQL8H2BW;
				GENERATE_INFOPLIST_FILE = YES;
				MARKETING_VERSION = 1.0;
				PRODUCT_BUNDLE_IDENTIFIER = "com.hugomez.Capstone-ProjectUITests";
				PRODUCT_NAME = "$(TARGET_NAME)";
				SWIFT_EMIT_LOC_STRINGS = NO;
				TARGETED_DEVICE_FAMILY = "1,2";
				TEST_TARGET_NAME = "Capstone Project";
			};
			name = Release;
		};
/* End XCBuildConfiguration section */

/* Begin XCConfigurationList section */
		14F2CD8328779C000046372F /* Build configuration list for PBXProject "Capstone Project" */ = {
			isa = XCConfigurationList;
			buildConfigurations = (
				14F2CDB528779C010046372F /* Debug */,
				14F2CDB628779C010046372F /* Release */,
			);
			defaultConfigurationIsVisible = 0;
			defaultConfigurationName = Release;
		};
		14F2CDB728779C010046372F /* Build configuration list for PBXNativeTarget "Capstone Project" */ = {
			isa = XCConfigurationList;
			buildConfigurations = (
				14F2CDB828779C010046372F /* Debug */,
				14F2CDB928779C010046372F /* Release */,
			);
			defaultConfigurationIsVisible = 0;
			defaultConfigurationName = Release;
		};
		14F2CDBA28779C010046372F /* Build configuration list for PBXNativeTarget "Capstone ProjectTests" */ = {
			isa = XCConfigurationList;
			buildConfigurations = (
				14F2CDBB28779C010046372F /* Debug */,
				14F2CDBC28779C010046372F /* Release */,
			);
			defaultConfigurationIsVisible = 0;
			defaultConfigurationName = Release;
		};
		14F2CDBD28779C010046372F /* Build configuration list for PBXNativeTarget "Capstone ProjectUITests" */ = {
			isa = XCConfigurationList;
			buildConfigurations = (
				14F2CDBE28779C010046372F /* Debug */,
				14F2CDBF28779C010046372F /* Release */,
			);
			defaultConfigurationIsVisible = 0;
			defaultConfigurationName = Release;
		};
/* End XCConfigurationList section */
	};
	rootObject = 14F2CD8028779C000046372F /* Project object */;
}
